
Microsoft Visual Studio Solution File, Format Version 11.00
# Visual Studio 2010
# SharpDevelop 4.4
Project("{FAE04EC0-301F-11D3-BF4B-00C04F79EFBC}") = "Ariadne", "Ariadne\Ariadne.csproj", "{95CAF4E7-ADA0-471F-9930-C0F252D92368}"
EndProject
Project("{FAE04EC0-301F-11D3-BF4B-00C04F79EFBC}") = "Ariadne.NUnitTests", "NUnitTests\Ariadne.NUnitTests.csproj", "{EB067243-E345-48FE-ADDE-CD066FA7CA04}"
EndProject
Global
	GlobalSection(SolutionConfigurationPlatforms) = preSolution
		Debug|Any CPU = Debug|Any CPU
		Release|Any CPU = Release|Any CPU
		Debug|x86 = Debug|x86
		Release|x86 = Release|x86
	EndGlobalSection
	GlobalSection(ProjectConfigurationPlatforms) = postSolution
		{95CAF4E7-ADA0-471F-9930-C0F252D92368}.Debug|Any CPU.ActiveCfg = Debug|Any CPU
		{95CAF4E7-ADA0-471F-9930-C0F252D92368}.Debug|Any CPU.Build.0 = Debug|Any CPU
		{95CAF4E7-ADA0-471F-9930-C0F252D92368}.Debug|x86.ActiveCfg = Debug|Any CPU
		{95CAF4E7-ADA0-471F-9930-C0F252D92368}.Debug|x86.Build.0 = Debug|Any CPU
		{95CAF4E7-ADA0-471F-9930-C0F252D92368}.Release|Any CPU.ActiveCfg = Release|Any CPU
		{95CAF4E7-ADA0-471F-9930-C0F252D92368}.Release|Any CPU.Build.0 = Release|Any CPU
		{95CAF4E7-ADA0-471F-9930-C0F252D92368}.Release|x86.ActiveCfg = Release|Any CPU
		{95CAF4E7-ADA0-471F-9930-C0F252D92368}.Release|x86.Build.0 = Release|Any CPU
		{EB067243-E345-48FE-ADDE-CD066FA7CA04}.Debug|Any CPU.ActiveCfg = Debug|x86
		{EB067243-E345-48FE-ADDE-CD066FA7CA04}.Debug|Any CPU.Build.0 = Debug|x86
		{EB067243-E345-48FE-ADDE-CD066FA7CA04}.Debug|x86.ActiveCfg = Debug|x86
		{EB067243-E345-48FE-ADDE-CD066FA7CA04}.Debug|x86.Build.0 = Debug|x86
		{EB067243-E345-48FE-ADDE-CD066FA7CA04}.Release|Any CPU.ActiveCfg = Release|x86
		{EB067243-E345-48FE-ADDE-CD066FA7CA04}.Release|Any CPU.Build.0 = Release|x86
		{EB067243-E345-48FE-ADDE-CD066FA7CA04}.Release|x86.ActiveCfg = Release|x86
		{EB067243-E345-48FE-ADDE-CD066FA7CA04}.Release|x86.Build.0 = Release|x86
	EndGlobalSection
	GlobalSection(MonoDevelopProperties) = preSolution
		StartupItem = Ariadne.csproj
		Policies = $0
		$0.StandardHeader = $1
		$1.Text = @${FileName}\n\nAuthor:\n    ${AuthorName} <${AuthorEmail}>\n\n© ${Year} ${CopyrightHolder}\n\nLicensed under the EUPL, Version 1.1 only (the “Licence”).\nYou may not use, modify or distribute this work except in compliance with the Licence.\nYou may obtain a copy of the Licence at:\n<http://joinup.ec.europa.eu/software/page/eupl/licence-eupl>\nA copy is also distributed with this source code.\nUnless required by applicable law or agreed to in writing, software distributed under the\nLicence is distributed on an “AS IS” basis, without warranties or conditions of any kind.
		$1.IncludeInNewFiles = True
		$0.TextStylePolicy = $2
		$2.inheritsSet = null
		$2.scope = text/x-csharp
		$0.CSharpFormattingPolicy = $3
		$3.IndentSwitchBody = True
		$3.AlignEmbeddedIfStatements = False
		$3.SimplePropertyFormatting = ForceNewLine
		$3.AutoPropertyFormatting = ForceOneLine
		$3.IndentPreprocessorDirectives = False
		$3.AnonymousMethodBraceStyle = NextLine
		$3.PropertyBraceStyle = NextLine
		$3.PropertyGetBraceStyle = NextLine
		$3.PropertySetBraceStyle = NextLine
		$3.SimpleGetBlockFormatting = ForceOneLine
		$3.SimpleSetBlockFormatting = ForceOneLine
		$3.EventBraceStyle = NextLine
		$3.EventAddBraceStyle = NextLine
		$3.EventRemoveBraceStyle = NextLine
		$3.StatementBraceStyle = NextLine
		$3.ElseNewLinePlacement = NewLine
		$3.CatchNewLinePlacement = NewLine
		$3.FinallyNewLinePlacement = NewLine
		$3.BeforeMethodDeclarationParentheses = False
		$3.BeforeMethodCallParentheses = False
		$3.BeforeConstructorDeclarationParentheses = False
		$3.BeforeIndexerDeclarationBracket = False
		$3.BeforeDelegateDeclarationParentheses = False
		$3.AfterDelegateDeclarationParameterComma = True
		$3.NewParentheses = False
		$3.IfParentheses = False
		$3.WhileParentheses = False
		$3.ForParentheses = False
		$3.ForeachParentheses = False
		$3.CatchParentheses = False
		$3.SwitchParentheses = False
		$3.LockParentheses = False
		$3.UsingParentheses = False
		$3.SpacesBeforeBrackets = False
		$3.BlankLinesBeforeUsings = 1
		$3.BlankLinesAroundRegion = 0
		$3.BlankLinesInsideRegion = 0
		$3.MethodCallArgumentWrapping = WrapIfTooLong
		$3.NewLineAferMethodCallOpenParentheses = NewLine
		$3.MethodCallClosingParenthesesOnNewLine = SameLine
		$3.MethodDeclarationParameterWrapping = WrapIfTooLong
		$3.NewLineAferMethodDeclarationOpenParentheses = NewLine
		$3.MethodDeclarationClosingParenthesesOnNewLine = SameLine
		$3.AlignToFirstMethodDeclarationParameter = False
		$3.IndexerDeclarationParameterWrapping = WrapIfTooLong
		$3.NewLineAferIndexerDeclarationOpenBracket = NewLine
		$3.IndexerDeclarationClosingBracketOnNewLine = SameLine
		$3.AlignToFirstIndexerDeclarationParameter = False
		$3.IndexerArgumentWrapping = WrapIfTooLong
		$3.NewLineAferIndexerOpenBracket = NewLine
		$3.IndexerClosingBracketOnNewLine = SameLine
		$3.inheritsSet = Mono
		$3.inheritsScope = text/x-csharp
		$3.scope = text/x-csharp
		$0.TextStylePolicy = $4
		$4.FileWidth = 120
		$4.NoTabsAfterNonTabs = True
		$4.EolMarker = Unix
		$4.inheritsSet = VisualStudio
		$4.inheritsScope = text/plain
		$4.scope = text/plain
		$0.NameConventionPolicy = $5
		$5.Rules = $6
		$6.NamingRule = $7
		$7.Name = Namespaces
		$7.AffectedEntity = Namespace
		$7.VisibilityMask = VisibilityMask
		$7.NamingStyle = PascalCase
		$7.IncludeInstanceMembers = True
		$7.IncludeStaticEntities = True
		$6.NamingRule = $8
		$8.Name = Types
		$8.AffectedEntity = Class, Struct, Enum, Delegate
		$8.VisibilityMask = VisibilityMask
		$8.NamingStyle = PascalCase
		$8.IncludeInstanceMembers = True
		$8.IncludeStaticEntities = True
		$6.NamingRule = $9
		$9.Name = Interfaces
		$9.RequiredPrefixes = $10
		$10.String = I
		$9.AffectedEntity = Interface
		$9.VisibilityMask = VisibilityMask
		$9.NamingStyle = PascalCase
		$9.IncludeInstanceMembers = True
		$9.IncludeStaticEntities = True
		$6.NamingRule = $11
		$11.Name = Attributes
		$11.RequiredSuffixes = $12
		$12.String = Attribute
		$11.AffectedEntity = CustomAttributes
		$11.VisibilityMask = VisibilityMask
		$11.NamingStyle = PascalCase
		$11.IncludeInstanceMembers = True
		$11.IncludeStaticEntities = True
		$6.NamingRule = $13
		$13.Name = Event Arguments
		$13.RequiredSuffixes = $14
		$14.String = EventArgs
		$13.AffectedEntity = CustomEventArgs
		$13.VisibilityMask = VisibilityMask
		$13.NamingStyle = PascalCase
		$13.IncludeInstanceMembers = True
		$13.IncludeStaticEntities = True
		$6.NamingRule = $15
		$15.Name = Exceptions
		$15.RequiredSuffixes = $16
		$16.String = Exception
		$15.AffectedEntity = CustomExceptions
		$15.VisibilityMask = VisibilityMask
		$15.NamingStyle = PascalCase
		$15.IncludeInstanceMembers = True
		$15.IncludeStaticEntities = True
		$6.NamingRule = $17
		$17.Name = Methods
		$17.AffectedEntity = Methods
		$17.VisibilityMask = VisibilityMask
		$17.NamingStyle = PascalCase
		$17.IncludeInstanceMembers = True
		$17.IncludeStaticEntities = True
		$6.NamingRule = $18
		$18.Name = Static Readonly Fields
		$18.AffectedEntity = ReadonlyField
		$18.VisibilityMask = Internal, Protected, Public
		$18.NamingStyle = PascalCase
		$18.IncludeInstanceMembers = False
		$18.IncludeStaticEntities = True
		$6.NamingRule = $19
		$19.Name = Fields (Non Private)
		$19.AffectedEntity = Field
		$19.VisibilityMask = Internal, Protected, Public
		$19.NamingStyle = PascalCase
		$19.IncludeInstanceMembers = True
		$19.IncludeStaticEntities = True
		$6.NamingRule = $20
		$20.Name = ReadOnly Fields (Non Private)
		$20.AffectedEntity = ReadonlyField
		$20.VisibilityMask = Internal, Protected, Public
		$20.NamingStyle = PascalCase
		$20.IncludeInstanceMembers = True
		$20.IncludeStaticEntities = False
		$6.NamingRule = $21
		$21.Name = Fields (Private)
		$21.RequiredPrefixes = $22
		$22.String = _
		$21.AffectedEntity = Field, ReadonlyField
		$21.VisibilityMask = Private
		$21.NamingStyle = CamelCase
		$21.IncludeInstanceMembers = True
		$21.IncludeStaticEntities = False
		$6.NamingRule = $23
		$23.Name = Static Fields (Private)
		$23.RequiredPrefixes = $24
		$24.String = _
		$23.AffectedEntity = Field
		$23.VisibilityMask = Private
		$23.NamingStyle = CamelCase
		$23.IncludeInstanceMembers = False
		$23.IncludeStaticEntities = True
		$6.NamingRule = $25
		$25.Name = ReadOnly Fields (Private)
		$25.RequiredPrefixes = $26
		$26.String = _
		$25.AffectedEntity = ReadonlyField
		$25.VisibilityMask = Private
		$25.NamingStyle = CamelCase
		$25.IncludeInstanceMembers = True
		$25.IncludeStaticEntities = False
		$6.NamingRule = $27
		$27.Name = Constant Fields
		$27.AffectedEntity = ConstantField
		$27.VisibilityMask = VisibilityMask
		$27.NamingStyle = PascalCase
		$27.IncludeInstanceMembers = True
		$27.IncludeStaticEntities = True
		$6.NamingRule = $28
		$28.Name = Properties
		$28.AffectedEntity = Property
		$28.VisibilityMask = VisibilityMask
		$28.NamingStyle = PascalCase
		$28.IncludeInstanceMembers = True
		$28.IncludeStaticEntities = True
		$6.NamingRule = $29
		$29.Name = Events
		$29.AffectedEntity = Event
		$29.VisibilityMask = VisibilityMask
		$29.NamingStyle = PascalCase
		$29.IncludeInstanceMembers = True
		$29.IncludeStaticEntities = True
		$6.NamingRule = $30
		$30.Name = Enum Members
		$30.AffectedEntity = EnumMember
		$30.VisibilityMask = VisibilityMask
		$30.NamingStyle = PascalCase
		$30.IncludeInstanceMembers = True
		$30.IncludeStaticEntities = True
		$6.NamingRule = $31
		$31.Name = Parameters
		$31.AffectedEntity = Parameter
		$31.VisibilityMask = VisibilityMask
		$31.NamingStyle = CamelCase
		$31.IncludeInstanceMembers = True
		$31.IncludeStaticEntities = True
		$6.NamingRule = $32
		$32.Name = Type Parameters
		$32.RequiredPrefixes = $33
		$33.String = T
		$32.AffectedEntity = TypeParameter
		$32.VisibilityMask = VisibilityMask
		$32.NamingStyle = PascalCase
		$32.IncludeInstanceMembers = True
		$32.IncludeStaticEntities = True
		$6.NamingRule = $34
		$34.Name = Locals
		$34.AffectedEntity = LambdaParameter, LocalVariable, LocalConstant, Label
		$34.VisibilityMask = VisibilityMask
		$34.NamingStyle = CamelCase
		$34.IncludeInstanceMembers = True
		$34.IncludeStaticEntities = True
		$0.VersionControlPolicy = $35
		$35.inheritsSet = Mono
		$0.ChangeLogPolicy = $36
		$36.UpdateMode = None
		$36.MessageStyle = $37
		$37.LineAlign = 0
		$36.inheritsSet = Mono
		$0.TextStylePolicy = $38
		$38.inheritsSet = null
		$38.scope = application/config+xml
		$0.XmlFormattingPolicy = $39
		$39.inheritsSet = null
		$39.scope = application/config+xml
	EndGlobalSection
EndGlobal
